
Microsoft Visual Studio Solution File, Format Version 12.00
# Visual Studio Express 2013 for Windows Desktop
VisualStudioVersion = 12.0.30110.0
MinimumVisualStudioVersion = 10.0.40219.1
Project("{FAE04EC0-301F-11D3-BF4B-00C04F79EFBC}") = "aPC.Common", "aPC.Common\aPC.Common.csproj", "{B6543E75-59AF-4059-ACF8-560E82BC72CE}"
EndProject
Project("{FAE04EC0-301F-11D3-BF4B-00C04F79EFBC}") = "aPC.Common.Communication", "aPC.Common.Communication\aPC.Common.Communication.csproj", "{38537B40-B1FD-433B-B958-8A1B3C7B83D7}"
EndProject
Project("{2150E333-8FDC-42A3-9474-1A3956D46DE8}") = "Solution Items", "Solution Items", "{C67A59F7-63D0-476C-93E9-08B9FA0541DF}"
	ProjectSection(SolutionItems) = preProject
		Performance1.psess = Performance1.psess
	EndProjectSection
EndProject
Project("{FAE04EC0-301F-11D3-BF4B-00C04F79EFBC}") = "aPC.Client.Disco", "aPC.Client.Disco\aPC.Client.Disco.csproj", "{EA839CF8-015C-45D4-970B-B4E6922CBEEC}"
EndProject
Project("{FAE04EC0-301F-11D3-BF4B-00C04F79EFBC}") = "aPC.Client.Tests", "aPC.Client.Tests\aPC.Client.Tests.csproj", "{93B6F816-979F-4120-A1E8-C70454D8F3FB}"
EndProject
Project("{FAE04EC0-301F-11D3-BF4B-00C04F79EFBC}") = "aPC.Common.Tests", "aPC.Common.Tests\aPC.Common.Tests.csproj", "{3282A90F-4F67-40D8-991B-038BFB9E2AE9}"
EndProject
Project("{FAE04EC0-301F-11D3-BF4B-00C04F79EFBC}") = "aPC.Client.Disco.Tests", "aPC.Client.Disco.Tests\aPC.Client.Disco.Tests.csproj", "{468C25C5-2CF1-4E7D-A6F6-BB70CF212D8B}"
EndProject
Project("{2150E333-8FDC-42A3-9474-1A3956D46DE8}") = ".nuget", ".nuget", "{4AF0D97D-198F-445E-A1D6-BBDC940B281B}"
	ProjectSection(SolutionItems) = preProject
		.nuget\NuGet.Config = .nuget\NuGet.Config
		.nuget\nuget.exe = .nuget\nuget.exe
		.nuget\NuGet.targets = .nuget\NuGet.targets
		.nuget\packages.config = .nuget\packages.config
	EndProjectSection
EndProject
Project("{FAE04EC0-301F-11D3-BF4B-00C04F79EFBC}") = "aPC.Common.Client", "aPC.Common.Client\aPC.Common.Client.csproj", "{20941C53-9669-4BF2-B354-AFF8023C1A1E}"
EndProject
Project("{FAE04EC0-301F-11D3-BF4B-00C04F79EFBC}") = "aPC.Client.Morse", "aPC.Client.Morse\aPC.Client.Morse.csproj", "{1ECA3EDA-1D9E-464E-9A6A-9BF702712E72}"
EndProject
Project("{FAE04EC0-301F-11D3-BF4B-00C04F79EFBC}") = "aPC.Client.Morse.Tests", "aPC.Client.Morse.Tests\aPC.Client.Morse.Tests.csproj", "{E1F7F34A-BA61-4B82-BB93-CE56EC797904}"
EndProject
Project("{FAE04EC0-301F-11D3-BF4B-00C04F79EFBC}") = "aPC.Common.Client.Tests", "aPC.Common.Client.Tests\aPC.Common.Client.Tests.csproj", "{C43479EA-8919-4AD4-8A85-C26145168AFC}"
EndProject
Project("{FAE04EC0-301F-11D3-BF4B-00C04F79EFBC}") = "aPC.Client.Overlay", "aPC.Client.Overlay\aPC.Client.Overlay.csproj", "{A4D3B184-053B-41CE-BADB-D751D95ABCA2}"
EndProject
Project("{FAE04EC0-301F-11D3-BF4B-00C04F79EFBC}") = "aPC.Client.Overlay.Tests", "aPC.Client.Overlay.Tests\aPC.Client.Overlay.Tests.csproj", "{AAB6D4F4-530D-49F1-8749-A93920696BBF}"
EndProject
Global
	GlobalSection(SolutionConfigurationPlatforms) = preSolution
		Debug|Any CPU = Debug|Any CPU
		Debug|Mixed Platforms = Debug|Mixed Platforms
		Debug|Win32 = Debug|Win32
		Release|Any CPU = Release|Any CPU
		Release|Mixed Platforms = Release|Mixed Platforms
		Release|Win32 = Release|Win32
	EndGlobalSection
	GlobalSection(ProjectConfigurationPlatforms) = postSolution
		{B6543E75-59AF-4059-ACF8-560E82BC72CE}.Debug|Any CPU.ActiveCfg = Debug|Any CPU
		{B6543E75-59AF-4059-ACF8-560E82BC72CE}.Debug|Any CPU.Build.0 = Debug|Any CPU
		{B6543E75-59AF-4059-ACF8-560E82BC72CE}.Debug|Mixed Platforms.ActiveCfg = Debug|Any CPU
		{B6543E75-59AF-4059-ACF8-560E82BC72CE}.Debug|Mixed Platforms.Build.0 = Debug|Any CPU
		{B6543E75-59AF-4059-ACF8-560E82BC72CE}.Debug|Win32.ActiveCfg = Debug|Any CPU
		{B6543E75-59AF-4059-ACF8-560E82BC72CE}.Release|Any CPU.ActiveCfg = Release|Any CPU
		{B6543E75-59AF-4059-ACF8-560E82BC72CE}.Release|Any CPU.Build.0 = Release|Any CPU
		{B6543E75-59AF-4059-ACF8-560E82BC72CE}.Release|Mixed Platforms.ActiveCfg = Release|Any CPU
		{B6543E75-59AF-4059-ACF8-560E82BC72CE}.Release|Mixed Platforms.Build.0 = Release|Any CPU
		{B6543E75-59AF-4059-ACF8-560E82BC72CE}.Release|Win32.ActiveCfg = Release|Any CPU
		{38537B40-B1FD-433B-B958-8A1B3C7B83D7}.Debug|Any CPU.ActiveCfg = Debug|Any CPU
		{38537B40-B1FD-433B-B958-8A1B3C7B83D7}.Debug|Any CPU.Build.0 = Debug|Any CPU
		{38537B40-B1FD-433B-B958-8A1B3C7B83D7}.Debug|Mixed Platforms.ActiveCfg = Debug|Any CPU
		{38537B40-B1FD-433B-B958-8A1B3C7B83D7}.Debug|Mixed Platforms.Build.0 = Debug|Any CPU
		{38537B40-B1FD-433B-B958-8A1B3C7B83D7}.Debug|Win32.ActiveCfg = Debug|Any CPU
		{38537B40-B1FD-433B-B958-8A1B3C7B83D7}.Release|Any CPU.ActiveCfg = Release|Any CPU
		{38537B40-B1FD-433B-B958-8A1B3C7B83D7}.Release|Any CPU.Build.0 = Release|Any CPU
		{38537B40-B1FD-433B-B958-8A1B3C7B83D7}.Release|Mixed Platforms.ActiveCfg = Release|Any CPU
		{38537B40-B1FD-433B-B958-8A1B3C7B83D7}.Release|Mixed Platforms.Build.0 = Release|Any CPU
		{38537B40-B1FD-433B-B958-8A1B3C7B83D7}.Release|Win32.ActiveCfg = Release|Any CPU
		{EA839CF8-015C-45D4-970B-B4E6922CBEEC}.Debug|Any CPU.ActiveCfg = Debug|Any CPU
		{EA839CF8-015C-45D4-970B-B4E6922CBEEC}.Debug|Any CPU.Build.0 = Debug|Any CPU
		{EA839CF8-015C-45D4-970B-B4E6922CBEEC}.Debug|Mixed Platforms.ActiveCfg = Debug|Any CPU
		{EA839CF8-015C-45D4-970B-B4E6922CBEEC}.Debug|Mixed Platforms.Build.0 = Debug|Any CPU
		{EA839CF8-015C-45D4-970B-B4E6922CBEEC}.Debug|Win32.ActiveCfg = Debug|Any CPU
		{EA839CF8-015C-45D4-970B-B4E6922CBEEC}.Release|Any CPU.ActiveCfg = Release|Any CPU
		{EA839CF8-015C-45D4-970B-B4E6922CBEEC}.Release|Any CPU.Build.0 = Release|Any CPU
		{EA839CF8-015C-45D4-970B-B4E6922CBEEC}.Release|Mixed Platforms.ActiveCfg = Release|Any CPU
		{EA839CF8-015C-45D4-970B-B4E6922CBEEC}.Release|Mixed Platforms.Build.0 = Release|Any CPU
		{EA839CF8-015C-45D4-970B-B4E6922CBEEC}.Release|Win32.ActiveCfg = Release|Any CPU
		{93B6F816-979F-4120-A1E8-C70454D8F3FB}.Debug|Any CPU.ActiveCfg = Debug|Any CPU
		{93B6F816-979F-4120-A1E8-C70454D8F3FB}.Debug|Any CPU.Build.0 = Debug|Any CPU
		{93B6F816-979F-4120-A1E8-C70454D8F3FB}.Debug|Mixed Platforms.ActiveCfg = Debug|Any CPU
		{93B6F816-979F-4120-A1E8-C70454D8F3FB}.Debug|Mixed Platforms.Build.0 = Debug|Any CPU
		{93B6F816-979F-4120-A1E8-C70454D8F3FB}.Debug|Win32.ActiveCfg = Debug|Any CPU
		{93B6F816-979F-4120-A1E8-C70454D8F3FB}.Release|Any CPU.ActiveCfg = Release|Any CPU
		{93B6F816-979F-4120-A1E8-C70454D8F3FB}.Release|Any CPU.Build.0 = Release|Any CPU
		{93B6F816-979F-4120-A1E8-C70454D8F3FB}.Release|Mixed Platforms.ActiveCfg = Release|Any CPU
		{93B6F816-979F-4120-A1E8-C70454D8F3FB}.Release|Mixed Platforms.Build.0 = Release|Any CPU
		{93B6F816-979F-4120-A1E8-C70454D8F3FB}.Release|Win32.ActiveCfg = Release|Any CPU
		{3282A90F-4F67-40D8-991B-038BFB9E2AE9}.Debug|Any CPU.ActiveCfg = Debug|Any CPU
		{3282A90F-4F67-40D8-991B-038BFB9E2AE9}.Debug|Any CPU.Build.0 = Debug|Any CPU
		{3282A90F-4F67-40D8-991B-038BFB9E2AE9}.Debug|Mixed Platforms.ActiveCfg = Debug|Any CPU
		{3282A90F-4F67-40D8-991B-038BFB9E2AE9}.Debug|Mixed Platforms.Build.0 = Debug|Any CPU
		{3282A90F-4F67-40D8-991B-038BFB9E2AE9}.Debug|Win32.ActiveCfg = Debug|Any CPU
		{3282A90F-4F67-40D8-991B-038BFB9E2AE9}.Release|Any CPU.ActiveCfg = Release|Any CPU
		{3282A90F-4F67-40D8-991B-038BFB9E2AE9}.Release|Any CPU.Build.0 = Release|Any CPU
		{3282A90F-4F67-40D8-991B-038BFB9E2AE9}.Release|Mixed Platforms.ActiveCfg = Release|Any CPU
		{3282A90F-4F67-40D8-991B-038BFB9E2AE9}.Release|Mixed Platforms.Build.0 = Release|Any CPU
		{3282A90F-4F67-40D8-991B-038BFB9E2AE9}.Release|Win32.ActiveCfg = Release|Any CPU
		{468C25C5-2CF1-4E7D-A6F6-BB70CF212D8B}.Debug|Any CPU.ActiveCfg = Debug|Any CPU
		{468C25C5-2CF1-4E7D-A6F6-BB70CF212D8B}.Debug|Any CPU.Build.0 = Debug|Any CPU
		{468C25C5-2CF1-4E7D-A6F6-BB70CF212D8B}.Debug|Mixed Platforms.ActiveCfg = Debug|Any CPU
		{468C25C5-2CF1-4E7D-A6F6-BB70CF212D8B}.Debug|Mixed Platforms.Build.0 = Debug|Any CPU
		{468C25C5-2CF1-4E7D-A6F6-BB70CF212D8B}.Debug|Win32.ActiveCfg = Debug|Any CPU
		{468C25C5-2CF1-4E7D-A6F6-BB70CF212D8B}.Release|Any CPU.ActiveCfg = Release|Any CPU
		{468C25C5-2CF1-4E7D-A6F6-BB70CF212D8B}.Release|Any CPU.Build.0 = Release|Any CPU
		{468C25C5-2CF1-4E7D-A6F6-BB70CF212D8B}.Release|Mixed Platforms.ActiveCfg = Release|Any CPU
		{468C25C5-2CF1-4E7D-A6F6-BB70CF212D8B}.Release|Mixed Platforms.Build.0 = Release|Any CPU
		{468C25C5-2CF1-4E7D-A6F6-BB70CF212D8B}.Release|Win32.ActiveCfg = Release|Any CPU
		{20941C53-9669-4BF2-B354-AFF8023C1A1E}.Debug|Any CPU.ActiveCfg = Debug|Any CPU
		{20941C53-9669-4BF2-B354-AFF8023C1A1E}.Debug|Any CPU.Build.0 = Debug|Any CPU
		{20941C53-9669-4BF2-B354-AFF8023C1A1E}.Debug|Mixed Platforms.ActiveCfg = Debug|Any CPU
		{20941C53-9669-4BF2-B354-AFF8023C1A1E}.Debug|Mixed Platforms.Build.0 = Debug|Any CPU
		{20941C53-9669-4BF2-B354-AFF8023C1A1E}.Debug|Win32.ActiveCfg = Debug|Any CPU
		{20941C53-9669-4BF2-B354-AFF8023C1A1E}.Release|Any CPU.ActiveCfg = Release|Any CPU
		{20941C53-9669-4BF2-B354-AFF8023C1A1E}.Release|Any CPU.Build.0 = Release|Any CPU
		{20941C53-9669-4BF2-B354-AFF8023C1A1E}.Release|Mixed Platforms.ActiveCfg = Release|Any CPU
		{20941C53-9669-4BF2-B354-AFF8023C1A1E}.Release|Mixed Platforms.Build.0 = Release|Any CPU
		{20941C53-9669-4BF2-B354-AFF8023C1A1E}.Release|Win32.ActiveCfg = Release|Any CPU
		{1ECA3EDA-1D9E-464E-9A6A-9BF702712E72}.Debug|Any CPU.ActiveCfg = Debug|Any CPU
		{1ECA3EDA-1D9E-464E-9A6A-9BF702712E72}.Debug|Any CPU.Build.0 = Debug|Any CPU
		{1ECA3EDA-1D9E-464E-9A6A-9BF702712E72}.Debug|Mixed Platforms.ActiveCfg = Debug|Any CPU
		{1ECA3EDA-1D9E-464E-9A6A-9BF702712E72}.Debug|Mixed Platforms.Build.0 = Debug|Any CPU
		{1ECA3EDA-1D9E-464E-9A6A-9BF702712E72}.Debug|Win32.ActiveCfg = Debug|Any CPU
		{1ECA3EDA-1D9E-464E-9A6A-9BF702712E72}.Release|Any CPU.ActiveCfg = Release|Any CPU
		{1ECA3EDA-1D9E-464E-9A6A-9BF702712E72}.Release|Any CPU.Build.0 = Release|Any CPU
		{1ECA3EDA-1D9E-464E-9A6A-9BF702712E72}.Release|Mixed Platforms.ActiveCfg = Release|Any CPU
		{1ECA3EDA-1D9E-464E-9A6A-9BF702712E72}.Release|Mixed Platforms.Build.0 = Release|Any CPU
		{1ECA3EDA-1D9E-464E-9A6A-9BF702712E72}.Release|Win32.ActiveCfg = Release|Any CPU
		{E1F7F34A-BA61-4B82-BB93-CE56EC797904}.Debug|Any CPU.ActiveCfg = Debug|Any CPU
		{E1F7F34A-BA61-4B82-BB93-CE56EC797904}.Debug|Any CPU.Build.0 = Debug|Any CPU
		{E1F7F34A-BA61-4B82-BB93-CE56EC797904}.Debug|Mixed Platforms.ActiveCfg = Debug|Any CPU
		{E1F7F34A-BA61-4B82-BB93-CE56EC797904}.Debug|Mixed Platforms.Build.0 = Debug|Any CPU
		{E1F7F34A-BA61-4B82-BB93-CE56EC797904}.Debug|Win32.ActiveCfg = Debug|Any CPU
		{E1F7F34A-BA61-4B82-BB93-CE56EC797904}.Release|Any CPU.ActiveCfg = Release|Any CPU
		{E1F7F34A-BA61-4B82-BB93-CE56EC797904}.Release|Any CPU.Build.0 = Release|Any CPU
		{E1F7F34A-BA61-4B82-BB93-CE56EC797904}.Release|Mixed Platforms.ActiveCfg = Release|Any CPU
		{E1F7F34A-BA61-4B82-BB93-CE56EC797904}.Release|Mixed Platforms.Build.0 = Release|Any CPU
		{E1F7F34A-BA61-4B82-BB93-CE56EC797904}.Release|Win32.ActiveCfg = Release|Any CPU
		{C43479EA-8919-4AD4-8A85-C26145168AFC}.Debug|Any CPU.ActiveCfg = Debug|Any CPU
		{C43479EA-8919-4AD4-8A85-C26145168AFC}.Debug|Any CPU.Build.0 = Debug|Any CPU
		{C43479EA-8919-4AD4-8A85-C26145168AFC}.Debug|Mixed Platforms.ActiveCfg = Debug|Any CPU
		{C43479EA-8919-4AD4-8A85-C26145168AFC}.Debug|Mixed Platforms.Build.0 = Debug|Any CPU
		{C43479EA-8919-4AD4-8A85-C26145168AFC}.Debug|Win32.ActiveCfg = Debug|Any CPU
		{C43479EA-8919-4AD4-8A85-C26145168AFC}.Release|Any CPU.ActiveCfg = Release|Any CPU
		{C43479EA-8919-4AD4-8A85-C26145168AFC}.Release|Any CPU.Build.0 = Release|Any CPU
		{C43479EA-8919-4AD4-8A85-C26145168AFC}.Release|Mixed Platforms.ActiveCfg = Release|Any CPU
		{C43479EA-8919-4AD4-8A85-C26145168AFC}.Release|Mixed Platforms.Build.0 = Release|Any CPU
		{C43479EA-8919-4AD4-8A85-C26145168AFC}.Release|Win32.ActiveCfg = Release|Any CPU
		{A4D3B184-053B-41CE-BADB-D751D95ABCA2}.Debug|Any CPU.ActiveCfg = Debug|Any CPU
		{A4D3B184-053B-41CE-BADB-D751D95ABCA2}.Debug|Any CPU.Build.0 = Debug|Any CPU
		{A4D3B184-053B-41CE-BADB-D751D95ABCA2}.Debug|Mixed Platforms.ActiveCfg = Debug|Any CPU
		{A4D3B184-053B-41CE-BADB-D751D95ABCA2}.Debug|Mixed Platforms.Build.0 = Debug|Any CPU
		{A4D3B184-053B-41CE-BADB-D751D95ABCA2}.Debug|Win32.ActiveCfg = Debug|Any CPU
		{A4D3B184-053B-41CE-BADB-D751D95ABCA2}.Release|Any CPU.ActiveCfg = Release|Any CPU
		{A4D3B184-053B-41CE-BADB-D751D95ABCA2}.Release|Any CPU.Build.0 = Release|Any CPU
		{A4D3B184-053B-41CE-BADB-D751D95ABCA2}.Release|Mixed Platforms.ActiveCfg = Release|Any CPU
		{A4D3B184-053B-41CE-BADB-D751D95ABCA2}.Release|Mixed Platforms.Build.0 = Release|Any CPU
		{A4D3B184-053B-41CE-BADB-D751D95ABCA2}.Release|Win32.ActiveCfg = Release|Any CPU
		{AAB6D4F4-530D-49F1-8749-A93920696BBF}.Debug|Any CPU.ActiveCfg = Debug|Any CPU
		{AAB6D4F4-530D-49F1-8749-A93920696BBF}.Debug|Any CPU.Build.0 = Debug|Any CPU
		{AAB6D4F4-530D-49F1-8749-A93920696BBF}.Debug|Mixed Platforms.ActiveCfg = Debug|Any CPU
		{AAB6D4F4-530D-49F1-8749-A93920696BBF}.Debug|Mixed Platforms.Build.0 = Debug|Any CPU
		{AAB6D4F4-530D-49F1-8749-A93920696BBF}.Debug|Win32.ActiveCfg = Debug|Any CPU
		{AAB6D4F4-530D-49F1-8749-A93920696BBF}.Release|Any CPU.ActiveCfg = Release|Any CPU
		{AAB6D4F4-530D-49F1-8749-A93920696BBF}.Release|Any CPU.Build.0 = Release|Any CPU
		{AAB6D4F4-530D-49F1-8749-A93920696BBF}.Release|Mixed Platforms.ActiveCfg = Release|Any CPU
		{AAB6D4F4-530D-49F1-8749-A93920696BBF}.Release|Mixed Platforms.Build.0 = Release|Any CPU
		{AAB6D4F4-530D-49F1-8749-A93920696BBF}.Release|Win32.ActiveCfg = Release|Any CPU
	EndGlobalSection
	GlobalSection(SolutionProperties) = preSolution
		HideSolutionNode = FALSE
	EndGlobalSection
EndGlobal
