
Microsoft Visual Studio Solution File, Format Version 12.00
# Visual Studio 2013
VisualStudioVersion = 12.0.30723.0
MinimumVisualStudioVersion = 10.0.40219.1
Project("{FAE04EC0-301F-11D3-BF4B-00C04F79EFBC}") = "aPC.Common", "aPC.Common\aPC.Common.csproj", "{B6543E75-59AF-4059-ACF8-560E82BC72CE}"
EndProject
Project("{FAE04EC0-301F-11D3-BF4B-00C04F79EFBC}") = "aPC.Common.Communication", "aPC.Common.Communication\aPC.Common.Communication.csproj", "{38537B40-B1FD-433B-B958-8A1B3C7B83D7}"
EndProject
Project("{FAE04EC0-301F-11D3-BF4B-00C04F79EFBC}") = "aPC.Server", "aPC.Server\aPC.Server.csproj", "{5B9C9DAD-4539-4F54-A13E-30C603F767FF}"
EndProject
Project("{2150E333-8FDC-42A3-9474-1A3956D46DE8}") = "Solution Items", "Solution Items", "{C67A59F7-63D0-476C-93E9-08B9FA0541DF}"
	ProjectSection(SolutionItems) = preProject
		Performance1.psess = Performance1.psess
	EndProjectSection
EndProject
Project("{FAE04EC0-301F-11D3-BF4B-00C04F79EFBC}") = "aPC.Server.Tests", "aPC.Server.Tests\aPC.Server.Tests.csproj", "{6FAC7940-90CA-4504-BCBB-A4D50712431E}"
EndProject
Project("{FAE04EC0-301F-11D3-BF4B-00C04F79EFBC}") = "aPC.Common.Tests", "aPC.Common.Tests\aPC.Common.Tests.csproj", "{3282A90F-4F67-40D8-991B-038BFB9E2AE9}"
EndProject
Project("{2150E333-8FDC-42A3-9474-1A3956D46DE8}") = ".nuget", ".nuget", "{4AF0D97D-198F-445E-A1D6-BBDC940B281B}"
	ProjectSection(SolutionItems) = preProject
		.nuget\NuGet.Config = .nuget\NuGet.Config
		.nuget\nuget.exe = .nuget\nuget.exe
		.nuget\NuGet.targets = .nuget\NuGet.targets
		.nuget\packages.config = .nuget\packages.config
	EndProjectSection
EndProject
Project("{FAE04EC0-301F-11D3-BF4B-00C04F79EFBC}") = "aPC.Common.Client", "aPC.Common.Client\aPC.Common.Client.csproj", "{20941C53-9669-4BF2-B354-AFF8023C1A1E}"
EndProject
Project("{FAE04EC0-301F-11D3-BF4B-00C04F79EFBC}") = "aPC.Web", "aPC.Web\aPC.Web.csproj", "{5A031DB4-9B75-41D9-A6E7-6967D20F083F}"
EndProject
Project("{FAE04EC0-301F-11D3-BF4B-00C04F79EFBC}") = "aPC.Web.Tests", "aPC.Web.Tests\aPC.Web.Tests.csproj", "{BDE1804F-95C4-4A10-9203-FE0B6EA32FDB}"
EndProject
Project("{FAE04EC0-301F-11D3-BF4B-00C04F79EFBC}") = "aPC.Common.Client.Tests", "aPC.Common.Client.Tests\aPC.Common.Client.Tests.csproj", "{C43479EA-8919-4AD4-8A85-C26145168AFC}"
EndProject
Project("{FAE04EC0-301F-11D3-BF4B-00C04F79EFBC}") = "aPC.Chromesthesia", "aPC.Chromesthesia\aPC.Chromesthesia.csproj", "{0DDE3008-F7F2-4136-9139-CE1E8C3E57FD}"
EndProject
Project("{FAE04EC0-301F-11D3-BF4B-00C04F79EFBC}") = "aPC.Chromesthesia.Tests", "aPC.Chromesthesia.Tests\aPC.Chromesthesia.Tests.csproj", "{3656A115-D461-42C8-A96B-7752BCD4EE18}"
EndProject
Project("{FAE04EC0-301F-11D3-BF4B-00C04F79EFBC}") = "aPC.Common.Server", "aPC.Common.Server\aPC.Common.Server.csproj", "{D92D8FB4-7414-4DFE-83B6-2EE8852676BC}"
EndProject
Project("{FAE04EC0-301F-11D3-BF4B-00C04F79EFBC}") = "aPC.Common.Server.Tests", "aPC.Common.Server.Tests\aPC.Common.Server.Tests.csproj", "{39D46142-A4C2-4159-A2AD-EFA800D87FC2}"
EndProject
Global
	GlobalSection(SolutionConfigurationPlatforms) = preSolution
		Debug|Any CPU = Debug|Any CPU
		Debug|Mixed Platforms = Debug|Mixed Platforms
		Debug|Win32 = Debug|Win32
		Release|Any CPU = Release|Any CPU
		Release|Mixed Platforms = Release|Mixed Platforms
		Release|Win32 = Release|Win32
	EndGlobalSection
	GlobalSection(ProjectConfigurationPlatforms) = postSolution
		{B6543E75-59AF-4059-ACF8-560E82BC72CE}.Debug|Any CPU.ActiveCfg = Debug|Any CPU
		{B6543E75-59AF-4059-ACF8-560E82BC72CE}.Debug|Any CPU.Build.0 = Debug|Any CPU
		{B6543E75-59AF-4059-ACF8-560E82BC72CE}.Debug|Mixed Platforms.ActiveCfg = Debug|Any CPU
		{B6543E75-59AF-4059-ACF8-560E82BC72CE}.Debug|Mixed Platforms.Build.0 = Debug|Any CPU
		{B6543E75-59AF-4059-ACF8-560E82BC72CE}.Debug|Win32.ActiveCfg = Debug|Any CPU
		{B6543E75-59AF-4059-ACF8-560E82BC72CE}.Release|Any CPU.ActiveCfg = Release|Any CPU
		{B6543E75-59AF-4059-ACF8-560E82BC72CE}.Release|Any CPU.Build.0 = Release|Any CPU
		{B6543E75-59AF-4059-ACF8-560E82BC72CE}.Release|Mixed Platforms.ActiveCfg = Release|Any CPU
		{B6543E75-59AF-4059-ACF8-560E82BC72CE}.Release|Mixed Platforms.Build.0 = Release|Any CPU
		{B6543E75-59AF-4059-ACF8-560E82BC72CE}.Release|Win32.ActiveCfg = Release|Any CPU
		{38537B40-B1FD-433B-B958-8A1B3C7B83D7}.Debug|Any CPU.ActiveCfg = Debug|Any CPU
		{38537B40-B1FD-433B-B958-8A1B3C7B83D7}.Debug|Any CPU.Build.0 = Debug|Any CPU
		{38537B40-B1FD-433B-B958-8A1B3C7B83D7}.Debug|Mixed Platforms.ActiveCfg = Debug|Any CPU
		{38537B40-B1FD-433B-B958-8A1B3C7B83D7}.Debug|Mixed Platforms.Build.0 = Debug|Any CPU
		{38537B40-B1FD-433B-B958-8A1B3C7B83D7}.Debug|Win32.ActiveCfg = Debug|Any CPU
		{38537B40-B1FD-433B-B958-8A1B3C7B83D7}.Release|Any CPU.ActiveCfg = Release|Any CPU
		{38537B40-B1FD-433B-B958-8A1B3C7B83D7}.Release|Any CPU.Build.0 = Release|Any CPU
		{38537B40-B1FD-433B-B958-8A1B3C7B83D7}.Release|Mixed Platforms.ActiveCfg = Release|Any CPU
		{38537B40-B1FD-433B-B958-8A1B3C7B83D7}.Release|Mixed Platforms.Build.0 = Release|Any CPU
		{38537B40-B1FD-433B-B958-8A1B3C7B83D7}.Release|Win32.ActiveCfg = Release|Any CPU
		{5B9C9DAD-4539-4F54-A13E-30C603F767FF}.Debug|Any CPU.ActiveCfg = Debug|Any CPU
		{5B9C9DAD-4539-4F54-A13E-30C603F767FF}.Debug|Any CPU.Build.0 = Debug|Any CPU
		{5B9C9DAD-4539-4F54-A13E-30C603F767FF}.Debug|Mixed Platforms.ActiveCfg = Debug|Any CPU
		{5B9C9DAD-4539-4F54-A13E-30C603F767FF}.Debug|Mixed Platforms.Build.0 = Debug|Any CPU
		{5B9C9DAD-4539-4F54-A13E-30C603F767FF}.Debug|Win32.ActiveCfg = Debug|Any CPU
		{5B9C9DAD-4539-4F54-A13E-30C603F767FF}.Release|Any CPU.ActiveCfg = Release|Any CPU
		{5B9C9DAD-4539-4F54-A13E-30C603F767FF}.Release|Any CPU.Build.0 = Release|Any CPU
		{5B9C9DAD-4539-4F54-A13E-30C603F767FF}.Release|Mixed Platforms.ActiveCfg = Release|Any CPU
		{5B9C9DAD-4539-4F54-A13E-30C603F767FF}.Release|Mixed Platforms.Build.0 = Release|Any CPU
		{5B9C9DAD-4539-4F54-A13E-30C603F767FF}.Release|Win32.ActiveCfg = Release|Any CPU
		{6FAC7940-90CA-4504-BCBB-A4D50712431E}.Debug|Any CPU.ActiveCfg = Debug|Any CPU
		{6FAC7940-90CA-4504-BCBB-A4D50712431E}.Debug|Any CPU.Build.0 = Debug|Any CPU
		{6FAC7940-90CA-4504-BCBB-A4D50712431E}.Debug|Mixed Platforms.ActiveCfg = Debug|Any CPU
		{6FAC7940-90CA-4504-BCBB-A4D50712431E}.Debug|Mixed Platforms.Build.0 = Debug|Any CPU
		{6FAC7940-90CA-4504-BCBB-A4D50712431E}.Debug|Win32.ActiveCfg = Debug|Any CPU
		{6FAC7940-90CA-4504-BCBB-A4D50712431E}.Release|Any CPU.ActiveCfg = Release|Any CPU
		{6FAC7940-90CA-4504-BCBB-A4D50712431E}.Release|Any CPU.Build.0 = Release|Any CPU
		{6FAC7940-90CA-4504-BCBB-A4D50712431E}.Release|Mixed Platforms.ActiveCfg = Release|Any CPU
		{6FAC7940-90CA-4504-BCBB-A4D50712431E}.Release|Mixed Platforms.Build.0 = Release|Any CPU
		{6FAC7940-90CA-4504-BCBB-A4D50712431E}.Release|Win32.ActiveCfg = Release|Any CPU
		{3282A90F-4F67-40D8-991B-038BFB9E2AE9}.Debug|Any CPU.ActiveCfg = Debug|Any CPU
		{3282A90F-4F67-40D8-991B-038BFB9E2AE9}.Debug|Any CPU.Build.0 = Debug|Any CPU
		{3282A90F-4F67-40D8-991B-038BFB9E2AE9}.Debug|Mixed Platforms.ActiveCfg = Debug|Any CPU
		{3282A90F-4F67-40D8-991B-038BFB9E2AE9}.Debug|Mixed Platforms.Build.0 = Debug|Any CPU
		{3282A90F-4F67-40D8-991B-038BFB9E2AE9}.Debug|Win32.ActiveCfg = Debug|Any CPU
		{3282A90F-4F67-40D8-991B-038BFB9E2AE9}.Release|Any CPU.ActiveCfg = Release|Any CPU
		{3282A90F-4F67-40D8-991B-038BFB9E2AE9}.Release|Any CPU.Build.0 = Release|Any CPU
		{3282A90F-4F67-40D8-991B-038BFB9E2AE9}.Release|Mixed Platforms.ActiveCfg = Release|Any CPU
		{3282A90F-4F67-40D8-991B-038BFB9E2AE9}.Release|Mixed Platforms.Build.0 = Release|Any CPU
		{3282A90F-4F67-40D8-991B-038BFB9E2AE9}.Release|Win32.ActiveCfg = Release|Any CPU
		{20941C53-9669-4BF2-B354-AFF8023C1A1E}.Debug|Any CPU.ActiveCfg = Debug|Any CPU
		{20941C53-9669-4BF2-B354-AFF8023C1A1E}.Debug|Any CPU.Build.0 = Debug|Any CPU
		{20941C53-9669-4BF2-B354-AFF8023C1A1E}.Debug|Mixed Platforms.ActiveCfg = Debug|Any CPU
		{20941C53-9669-4BF2-B354-AFF8023C1A1E}.Debug|Mixed Platforms.Build.0 = Debug|Any CPU
		{20941C53-9669-4BF2-B354-AFF8023C1A1E}.Debug|Win32.ActiveCfg = Debug|Any CPU
		{20941C53-9669-4BF2-B354-AFF8023C1A1E}.Release|Any CPU.ActiveCfg = Release|Any CPU
		{20941C53-9669-4BF2-B354-AFF8023C1A1E}.Release|Any CPU.Build.0 = Release|Any CPU
		{20941C53-9669-4BF2-B354-AFF8023C1A1E}.Release|Mixed Platforms.ActiveCfg = Release|Any CPU
		{20941C53-9669-4BF2-B354-AFF8023C1A1E}.Release|Mixed Platforms.Build.0 = Release|Any CPU
		{20941C53-9669-4BF2-B354-AFF8023C1A1E}.Release|Win32.ActiveCfg = Release|Any CPU
		{5A031DB4-9B75-41D9-A6E7-6967D20F083F}.Debug|Any CPU.ActiveCfg = Debug|Any CPU
		{5A031DB4-9B75-41D9-A6E7-6967D20F083F}.Debug|Any CPU.Build.0 = Debug|Any CPU
		{5A031DB4-9B75-41D9-A6E7-6967D20F083F}.Debug|Mixed Platforms.ActiveCfg = Debug|Any CPU
		{5A031DB4-9B75-41D9-A6E7-6967D20F083F}.Debug|Mixed Platforms.Build.0 = Debug|Any CPU
		{5A031DB4-9B75-41D9-A6E7-6967D20F083F}.Debug|Win32.ActiveCfg = Debug|Any CPU
		{5A031DB4-9B75-41D9-A6E7-6967D20F083F}.Release|Any CPU.ActiveCfg = Release|Any CPU
		{5A031DB4-9B75-41D9-A6E7-6967D20F083F}.Release|Any CPU.Build.0 = Release|Any CPU
		{5A031DB4-9B75-41D9-A6E7-6967D20F083F}.Release|Mixed Platforms.ActiveCfg = Release|Any CPU
		{5A031DB4-9B75-41D9-A6E7-6967D20F083F}.Release|Mixed Platforms.Build.0 = Release|Any CPU
		{5A031DB4-9B75-41D9-A6E7-6967D20F083F}.Release|Win32.ActiveCfg = Release|Any CPU
		{BDE1804F-95C4-4A10-9203-FE0B6EA32FDB}.Debug|Any CPU.ActiveCfg = Debug|Any CPU
		{BDE1804F-95C4-4A10-9203-FE0B6EA32FDB}.Debug|Any CPU.Build.0 = Debug|Any CPU
		{BDE1804F-95C4-4A10-9203-FE0B6EA32FDB}.Debug|Mixed Platforms.ActiveCfg = Debug|Any CPU
		{BDE1804F-95C4-4A10-9203-FE0B6EA32FDB}.Debug|Mixed Platforms.Build.0 = Debug|Any CPU
		{BDE1804F-95C4-4A10-9203-FE0B6EA32FDB}.Debug|Win32.ActiveCfg = Debug|Any CPU
		{BDE1804F-95C4-4A10-9203-FE0B6EA32FDB}.Release|Any CPU.ActiveCfg = Release|Any CPU
		{BDE1804F-95C4-4A10-9203-FE0B6EA32FDB}.Release|Any CPU.Build.0 = Release|Any CPU
		{BDE1804F-95C4-4A10-9203-FE0B6EA32FDB}.Release|Mixed Platforms.ActiveCfg = Release|Any CPU
		{BDE1804F-95C4-4A10-9203-FE0B6EA32FDB}.Release|Mixed Platforms.Build.0 = Release|Any CPU
		{BDE1804F-95C4-4A10-9203-FE0B6EA32FDB}.Release|Win32.ActiveCfg = Release|Any CPU
		{C43479EA-8919-4AD4-8A85-C26145168AFC}.Debug|Any CPU.ActiveCfg = Debug|Any CPU
		{C43479EA-8919-4AD4-8A85-C26145168AFC}.Debug|Any CPU.Build.0 = Debug|Any CPU
		{C43479EA-8919-4AD4-8A85-C26145168AFC}.Debug|Mixed Platforms.ActiveCfg = Debug|Any CPU
		{C43479EA-8919-4AD4-8A85-C26145168AFC}.Debug|Mixed Platforms.Build.0 = Debug|Any CPU
		{C43479EA-8919-4AD4-8A85-C26145168AFC}.Debug|Win32.ActiveCfg = Debug|Any CPU
		{C43479EA-8919-4AD4-8A85-C26145168AFC}.Release|Any CPU.ActiveCfg = Release|Any CPU
		{C43479EA-8919-4AD4-8A85-C26145168AFC}.Release|Any CPU.Build.0 = Release|Any CPU
		{C43479EA-8919-4AD4-8A85-C26145168AFC}.Release|Mixed Platforms.ActiveCfg = Release|Any CPU
		{C43479EA-8919-4AD4-8A85-C26145168AFC}.Release|Mixed Platforms.Build.0 = Release|Any CPU
		{C43479EA-8919-4AD4-8A85-C26145168AFC}.Release|Win32.ActiveCfg = Release|Any CPU
		{0DDE3008-F7F2-4136-9139-CE1E8C3E57FD}.Debug|Any CPU.ActiveCfg = Debug|Any CPU
		{0DDE3008-F7F2-4136-9139-CE1E8C3E57FD}.Debug|Any CPU.Build.0 = Debug|Any CPU
		{0DDE3008-F7F2-4136-9139-CE1E8C3E57FD}.Debug|Mixed Platforms.ActiveCfg = Debug|Any CPU
		{0DDE3008-F7F2-4136-9139-CE1E8C3E57FD}.Debug|Mixed Platforms.Build.0 = Debug|Any CPU
		{0DDE3008-F7F2-4136-9139-CE1E8C3E57FD}.Debug|Win32.ActiveCfg = Debug|Any CPU
		{0DDE3008-F7F2-4136-9139-CE1E8C3E57FD}.Release|Any CPU.ActiveCfg = Release|Any CPU
		{0DDE3008-F7F2-4136-9139-CE1E8C3E57FD}.Release|Any CPU.Build.0 = Release|Any CPU
		{0DDE3008-F7F2-4136-9139-CE1E8C3E57FD}.Release|Mixed Platforms.ActiveCfg = Release|Any CPU
		{0DDE3008-F7F2-4136-9139-CE1E8C3E57FD}.Release|Mixed Platforms.Build.0 = Release|Any CPU
		{0DDE3008-F7F2-4136-9139-CE1E8C3E57FD}.Release|Win32.ActiveCfg = Release|Any CPU
		{3656A115-D461-42C8-A96B-7752BCD4EE18}.Debug|Any CPU.ActiveCfg = Debug|Any CPU
		{3656A115-D461-42C8-A96B-7752BCD4EE18}.Debug|Any CPU.Build.0 = Debug|Any CPU
		{3656A115-D461-42C8-A96B-7752BCD4EE18}.Debug|Mixed Platforms.ActiveCfg = Debug|Any CPU
		{3656A115-D461-42C8-A96B-7752BCD4EE18}.Debug|Mixed Platforms.Build.0 = Debug|Any CPU
		{3656A115-D461-42C8-A96B-7752BCD4EE18}.Debug|Win32.ActiveCfg = Debug|Any CPU
		{3656A115-D461-42C8-A96B-7752BCD4EE18}.Release|Any CPU.ActiveCfg = Release|Any CPU
		{3656A115-D461-42C8-A96B-7752BCD4EE18}.Release|Any CPU.Build.0 = Release|Any CPU
		{3656A115-D461-42C8-A96B-7752BCD4EE18}.Release|Mixed Platforms.ActiveCfg = Release|Any CPU
		{3656A115-D461-42C8-A96B-7752BCD4EE18}.Release|Mixed Platforms.Build.0 = Release|Any CPU
		{3656A115-D461-42C8-A96B-7752BCD4EE18}.Release|Win32.ActiveCfg = Release|Any CPU
		{D92D8FB4-7414-4DFE-83B6-2EE8852676BC}.Debug|Any CPU.ActiveCfg = Debug|Any CPU
		{D92D8FB4-7414-4DFE-83B6-2EE8852676BC}.Debug|Any CPU.Build.0 = Debug|Any CPU
		{D92D8FB4-7414-4DFE-83B6-2EE8852676BC}.Debug|Mixed Platforms.ActiveCfg = Debug|Any CPU
		{D92D8FB4-7414-4DFE-83B6-2EE8852676BC}.Debug|Mixed Platforms.Build.0 = Debug|Any CPU
		{D92D8FB4-7414-4DFE-83B6-2EE8852676BC}.Debug|Win32.ActiveCfg = Debug|Any CPU
		{D92D8FB4-7414-4DFE-83B6-2EE8852676BC}.Release|Any CPU.ActiveCfg = Release|Any CPU
		{D92D8FB4-7414-4DFE-83B6-2EE8852676BC}.Release|Any CPU.Build.0 = Release|Any CPU
		{D92D8FB4-7414-4DFE-83B6-2EE8852676BC}.Release|Mixed Platforms.ActiveCfg = Release|Any CPU
		{D92D8FB4-7414-4DFE-83B6-2EE8852676BC}.Release|Mixed Platforms.Build.0 = Release|Any CPU
		{D92D8FB4-7414-4DFE-83B6-2EE8852676BC}.Release|Win32.ActiveCfg = Release|Any CPU
		{39D46142-A4C2-4159-A2AD-EFA800D87FC2}.Debug|Any CPU.ActiveCfg = Debug|Any CPU
		{39D46142-A4C2-4159-A2AD-EFA800D87FC2}.Debug|Any CPU.Build.0 = Debug|Any CPU
		{39D46142-A4C2-4159-A2AD-EFA800D87FC2}.Debug|Mixed Platforms.ActiveCfg = Debug|Any CPU
		{39D46142-A4C2-4159-A2AD-EFA800D87FC2}.Debug|Mixed Platforms.Build.0 = Debug|Any CPU
		{39D46142-A4C2-4159-A2AD-EFA800D87FC2}.Debug|Win32.ActiveCfg = Debug|Any CPU
		{39D46142-A4C2-4159-A2AD-EFA800D87FC2}.Release|Any CPU.ActiveCfg = Release|Any CPU
		{39D46142-A4C2-4159-A2AD-EFA800D87FC2}.Release|Any CPU.Build.0 = Release|Any CPU
		{39D46142-A4C2-4159-A2AD-EFA800D87FC2}.Release|Mixed Platforms.ActiveCfg = Release|Any CPU
		{39D46142-A4C2-4159-A2AD-EFA800D87FC2}.Release|Mixed Platforms.Build.0 = Release|Any CPU
		{39D46142-A4C2-4159-A2AD-EFA800D87FC2}.Release|Win32.ActiveCfg = Release|Any CPU
	EndGlobalSection
	GlobalSection(SolutionProperties) = preSolution
		HideSolutionNode = FALSE
	EndGlobalSection
	GlobalSection(Performance) = preSolution
		HasPerformanceSessions = true
	EndGlobalSection
EndGlobal
