
Microsoft Visual Studio Solution File, Format Version 12.00
# Visual Studio Express 2013 for Windows Desktop
VisualStudioVersion = 12.0.21005.1
MinimumVisualStudioVersion = 10.0.40219.1
Project("{FAE04EC0-301F-11D3-BF4B-00C04F79EFBC}") = "ServerLegacy", "ServerLegacy\ServerLegacy.csproj", "{7F309EAF-2F1B-4887-88A8-EBF4D9388A47}"
EndProject
Project("{FAE04EC0-301F-11D3-BF4B-00C04F79EFBC}") = "Client", "Client\Client.csproj", "{315AAE4D-8524-4993-9D40-2C2E2EC1B50D}"
EndProject
Project("{FAE04EC0-301F-11D3-BF4B-00C04F79EFBC}") = "aPC.Common", "aPC.Common\aPC.Common.csproj", "{B6543E75-59AF-4059-ACF8-560E82BC72CE}"
EndProject
Project("{FAE04EC0-301F-11D3-BF4B-00C04F79EFBC}") = "aPC.Common.Communication", "aPC.Common.Communication\aPC.Common.Communication.csproj", "{38537B40-B1FD-433B-B958-8A1B3C7B83D7}"
EndProject
Project("{FAE04EC0-301F-11D3-BF4B-00C04F79EFBC}") = "aPC.Common.Integration", "aPC.Common.Integration\aPC.Common.Integration.csproj", "{8FDE532F-942F-432D-8926-6F4818737D1A}"
EndProject
Project("{FAE04EC0-301F-11D3-BF4B-00C04F79EFBC}") = "Server", "Server\Server.csproj", "{5B9C9DAD-4539-4F54-A13E-30C603F767FF}"
EndProject
Project("{FAE04EC0-301F-11D3-BF4B-00C04F79EFBC}") = "Common.Server", "Common.Server\Common.Server.csproj", "{2165053E-6A4D-4718-BBF9-55301CED1D28}"
EndProject
Project("{2150E333-8FDC-42A3-9474-1A3956D46DE8}") = "Solution Items", "Solution Items", "{C67A59F7-63D0-476C-93E9-08B9FA0541DF}"
	ProjectSection(SolutionItems) = preProject
		Performance1.psess = Performance1.psess
	EndProjectSection
EndProject
Global
	GlobalSection(SolutionConfigurationPlatforms) = preSolution
		Debug|Any CPU = Debug|Any CPU
		Debug|Mixed Platforms = Debug|Mixed Platforms
		Debug|Win32 = Debug|Win32
		Release|Any CPU = Release|Any CPU
		Release|Mixed Platforms = Release|Mixed Platforms
		Release|Win32 = Release|Win32
	EndGlobalSection
	GlobalSection(ProjectConfigurationPlatforms) = postSolution
		{7F309EAF-2F1B-4887-88A8-EBF4D9388A47}.Debug|Any CPU.ActiveCfg = Debug|Any CPU
		{7F309EAF-2F1B-4887-88A8-EBF4D9388A47}.Debug|Any CPU.Build.0 = Debug|Any CPU
		{7F309EAF-2F1B-4887-88A8-EBF4D9388A47}.Debug|Mixed Platforms.ActiveCfg = Debug|Any CPU
		{7F309EAF-2F1B-4887-88A8-EBF4D9388A47}.Debug|Mixed Platforms.Build.0 = Debug|Any CPU
		{7F309EAF-2F1B-4887-88A8-EBF4D9388A47}.Debug|Win32.ActiveCfg = Debug|Any CPU
		{7F309EAF-2F1B-4887-88A8-EBF4D9388A47}.Release|Any CPU.ActiveCfg = Release|Any CPU
		{7F309EAF-2F1B-4887-88A8-EBF4D9388A47}.Release|Any CPU.Build.0 = Release|Any CPU
		{7F309EAF-2F1B-4887-88A8-EBF4D9388A47}.Release|Mixed Platforms.ActiveCfg = Release|Any CPU
		{7F309EAF-2F1B-4887-88A8-EBF4D9388A47}.Release|Mixed Platforms.Build.0 = Release|Any CPU
		{7F309EAF-2F1B-4887-88A8-EBF4D9388A47}.Release|Win32.ActiveCfg = Release|Any CPU
		{315AAE4D-8524-4993-9D40-2C2E2EC1B50D}.Debug|Any CPU.ActiveCfg = Debug|Any CPU
		{315AAE4D-8524-4993-9D40-2C2E2EC1B50D}.Debug|Any CPU.Build.0 = Debug|Any CPU
		{315AAE4D-8524-4993-9D40-2C2E2EC1B50D}.Debug|Mixed Platforms.ActiveCfg = Debug|Any CPU
		{315AAE4D-8524-4993-9D40-2C2E2EC1B50D}.Debug|Mixed Platforms.Build.0 = Debug|Any CPU
		{315AAE4D-8524-4993-9D40-2C2E2EC1B50D}.Debug|Win32.ActiveCfg = Debug|Any CPU
		{315AAE4D-8524-4993-9D40-2C2E2EC1B50D}.Release|Any CPU.ActiveCfg = Release|Any CPU
		{315AAE4D-8524-4993-9D40-2C2E2EC1B50D}.Release|Any CPU.Build.0 = Release|Any CPU
		{315AAE4D-8524-4993-9D40-2C2E2EC1B50D}.Release|Mixed Platforms.ActiveCfg = Release|Any CPU
		{315AAE4D-8524-4993-9D40-2C2E2EC1B50D}.Release|Mixed Platforms.Build.0 = Release|Any CPU
		{315AAE4D-8524-4993-9D40-2C2E2EC1B50D}.Release|Win32.ActiveCfg = Release|Any CPU
		{B6543E75-59AF-4059-ACF8-560E82BC72CE}.Debug|Any CPU.ActiveCfg = Debug|Any CPU
		{B6543E75-59AF-4059-ACF8-560E82BC72CE}.Debug|Any CPU.Build.0 = Debug|Any CPU
		{B6543E75-59AF-4059-ACF8-560E82BC72CE}.Debug|Mixed Platforms.ActiveCfg = Debug|Any CPU
		{B6543E75-59AF-4059-ACF8-560E82BC72CE}.Debug|Mixed Platforms.Build.0 = Debug|Any CPU
		{B6543E75-59AF-4059-ACF8-560E82BC72CE}.Debug|Win32.ActiveCfg = Debug|Any CPU
		{B6543E75-59AF-4059-ACF8-560E82BC72CE}.Release|Any CPU.ActiveCfg = Release|Any CPU
		{B6543E75-59AF-4059-ACF8-560E82BC72CE}.Release|Any CPU.Build.0 = Release|Any CPU
		{B6543E75-59AF-4059-ACF8-560E82BC72CE}.Release|Mixed Platforms.ActiveCfg = Release|Any CPU
		{B6543E75-59AF-4059-ACF8-560E82BC72CE}.Release|Mixed Platforms.Build.0 = Release|Any CPU
		{B6543E75-59AF-4059-ACF8-560E82BC72CE}.Release|Win32.ActiveCfg = Release|Any CPU
		{38537B40-B1FD-433B-B958-8A1B3C7B83D7}.Debug|Any CPU.ActiveCfg = Debug|Any CPU
		{38537B40-B1FD-433B-B958-8A1B3C7B83D7}.Debug|Any CPU.Build.0 = Debug|Any CPU
		{38537B40-B1FD-433B-B958-8A1B3C7B83D7}.Debug|Mixed Platforms.ActiveCfg = Debug|Any CPU
		{38537B40-B1FD-433B-B958-8A1B3C7B83D7}.Debug|Mixed Platforms.Build.0 = Debug|Any CPU
		{38537B40-B1FD-433B-B958-8A1B3C7B83D7}.Debug|Win32.ActiveCfg = Debug|Any CPU
		{38537B40-B1FD-433B-B958-8A1B3C7B83D7}.Release|Any CPU.ActiveCfg = Release|Any CPU
		{38537B40-B1FD-433B-B958-8A1B3C7B83D7}.Release|Any CPU.Build.0 = Release|Any CPU
		{38537B40-B1FD-433B-B958-8A1B3C7B83D7}.Release|Mixed Platforms.ActiveCfg = Release|Any CPU
		{38537B40-B1FD-433B-B958-8A1B3C7B83D7}.Release|Mixed Platforms.Build.0 = Release|Any CPU
		{38537B40-B1FD-433B-B958-8A1B3C7B83D7}.Release|Win32.ActiveCfg = Release|Any CPU
		{8FDE532F-942F-432D-8926-6F4818737D1A}.Debug|Any CPU.ActiveCfg = Debug|Any CPU
		{8FDE532F-942F-432D-8926-6F4818737D1A}.Debug|Any CPU.Build.0 = Debug|Any CPU
		{8FDE532F-942F-432D-8926-6F4818737D1A}.Debug|Mixed Platforms.ActiveCfg = Debug|Any CPU
		{8FDE532F-942F-432D-8926-6F4818737D1A}.Debug|Mixed Platforms.Build.0 = Debug|Any CPU
		{8FDE532F-942F-432D-8926-6F4818737D1A}.Debug|Win32.ActiveCfg = Debug|Any CPU
		{8FDE532F-942F-432D-8926-6F4818737D1A}.Release|Any CPU.ActiveCfg = Release|Any CPU
		{8FDE532F-942F-432D-8926-6F4818737D1A}.Release|Any CPU.Build.0 = Release|Any CPU
		{8FDE532F-942F-432D-8926-6F4818737D1A}.Release|Mixed Platforms.ActiveCfg = Release|Any CPU
		{8FDE532F-942F-432D-8926-6F4818737D1A}.Release|Mixed Platforms.Build.0 = Release|Any CPU
		{8FDE532F-942F-432D-8926-6F4818737D1A}.Release|Win32.ActiveCfg = Release|Any CPU
		{5B9C9DAD-4539-4F54-A13E-30C603F767FF}.Debug|Any CPU.ActiveCfg = Debug|Any CPU
		{5B9C9DAD-4539-4F54-A13E-30C603F767FF}.Debug|Any CPU.Build.0 = Debug|Any CPU
		{5B9C9DAD-4539-4F54-A13E-30C603F767FF}.Debug|Mixed Platforms.ActiveCfg = Debug|Any CPU
		{5B9C9DAD-4539-4F54-A13E-30C603F767FF}.Debug|Mixed Platforms.Build.0 = Debug|Any CPU
		{5B9C9DAD-4539-4F54-A13E-30C603F767FF}.Debug|Win32.ActiveCfg = Debug|Any CPU
		{5B9C9DAD-4539-4F54-A13E-30C603F767FF}.Release|Any CPU.ActiveCfg = Release|Any CPU
		{5B9C9DAD-4539-4F54-A13E-30C603F767FF}.Release|Any CPU.Build.0 = Release|Any CPU
		{5B9C9DAD-4539-4F54-A13E-30C603F767FF}.Release|Mixed Platforms.ActiveCfg = Release|Any CPU
		{5B9C9DAD-4539-4F54-A13E-30C603F767FF}.Release|Mixed Platforms.Build.0 = Release|Any CPU
		{5B9C9DAD-4539-4F54-A13E-30C603F767FF}.Release|Win32.ActiveCfg = Release|Any CPU
		{2165053E-6A4D-4718-BBF9-55301CED1D28}.Debug|Any CPU.ActiveCfg = Debug|Any CPU
		{2165053E-6A4D-4718-BBF9-55301CED1D28}.Debug|Any CPU.Build.0 = Debug|Any CPU
		{2165053E-6A4D-4718-BBF9-55301CED1D28}.Debug|Mixed Platforms.ActiveCfg = Debug|Any CPU
		{2165053E-6A4D-4718-BBF9-55301CED1D28}.Debug|Mixed Platforms.Build.0 = Debug|Any CPU
		{2165053E-6A4D-4718-BBF9-55301CED1D28}.Debug|Win32.ActiveCfg = Debug|Any CPU
		{2165053E-6A4D-4718-BBF9-55301CED1D28}.Release|Any CPU.ActiveCfg = Release|Any CPU
		{2165053E-6A4D-4718-BBF9-55301CED1D28}.Release|Any CPU.Build.0 = Release|Any CPU
		{2165053E-6A4D-4718-BBF9-55301CED1D28}.Release|Mixed Platforms.ActiveCfg = Release|Any CPU
		{2165053E-6A4D-4718-BBF9-55301CED1D28}.Release|Mixed Platforms.Build.0 = Release|Any CPU
		{2165053E-6A4D-4718-BBF9-55301CED1D28}.Release|Win32.ActiveCfg = Release|Any CPU
	EndGlobalSection
	GlobalSection(SolutionProperties) = preSolution
		HideSolutionNode = FALSE
	EndGlobalSection
	GlobalSection(Performance) = preSolution
		HasPerformanceSessions = true
	EndGlobalSection
EndGlobal
